
Microsoft Visual Studio Solution File, Format Version 12.00
# Visual Studio Version 17
VisualStudioVersion = 17.10.35013.160
MinimumVisualStudioVersion = 10.0.40219.1
Project("{FAE04EC0-301F-11D3-BF4B-00C04F79EFBC}") = "BlazorApp1", "BlazorApp1\BlazorApp1.csproj", "{A81548D6-F91A-4247-810E-78CC7307EF8C}"
EndProject
Global
	GlobalSection(SolutionConfigurationPlatforms) = preSolution
		Debug|Any CPU = Debug|Any CPU
		Release|Any CPU = Release|Any CPU
	EndGlobalSection
	GlobalSection(ProjectConfigurationPlatforms) = postSolution
		{A81548D6-F91A-4247-810E-78CC7307EF8C}.Debug|Any CPU.ActiveCfg = Debug|Any CPU
		{A81548D6-F91A-4247-810E-78CC7307EF8C}.Debug|Any CPU.Build.0 = Debug|Any CPU
		{A81548D6-F91A-4247-810E-78CC7307EF8C}.Release|Any CPU.ActiveCfg = Release|Any CPU
		{A81548D6-F91A-4247-810E-78CC7307EF8C}.Release|Any CPU.Build.0 = Release|Any CPU
	EndGlobalSection
	GlobalSection(SolutionProperties) = preSolution
		HideSolutionNode = FALSE
	EndGlobalSection
	GlobalSection(ExtensibilityGlobals) = postSolution
		SolutionGuid = {6BAD0345-9FD8-4667-8EED-8C3F70B255BB}
	EndGlobalSection
EndGlobal
